
Microsoft Visual Studio Solution File, Format Version 12.00
# Visual Studio Version 17
VisualStudioVersion = 17.5.2.0
MinimumVisualStudioVersion = 10.0.40219.1
Project("{FAE04EC0-301F-11D3-BF4B-00C04F79EFBC}") = "MyFirstApi", "MyFirstApi\MyFirstApi.csproj", "{45F75552-7C1B-A03B-D43B-1129F270063E}"
EndProject
Project("{FAE04EC0-301F-11D3-BF4B-00C04F79EFBC}") = "MyFirstApi.Tests", "MyFirstApi.Tests\MyFirstApi.Tests.csproj", "{B1F72258-3CCF-4430-9FB5-06C28BD58825}"
EndProject
Global
	GlobalSection(SolutionConfigurationPlatforms) = preSolution
		Debug|Any CPU = Debug|Any CPU
		Debug|x64 = Debug|x64
		Debug|x86 = Debug|x86
		Release|Any CPU = Release|Any CPU
		Release|x64 = Release|x64
		Release|x86 = Release|x86
	EndGlobalSection
	GlobalSection(ProjectConfigurationPlatforms) = postSolution
		{45F75552-7C1B-A03B-D43B-1129F270063E}.Debug|Any CPU.ActiveCfg = Debug|Any CPU
		{45F75552-7C1B-A03B-D43B-1129F270063E}.Debug|Any CPU.Build.0 = Debug|Any CPU
		{45F75552-7C1B-A03B-D43B-1129F270063E}.Debug|x64.ActiveCfg = Debug|Any CPU
		{45F75552-7C1B-A03B-D43B-1129F270063E}.Debug|x64.Build.0 = Debug|Any CPU
		{45F75552-7C1B-A03B-D43B-1129F270063E}.Debug|x86.ActiveCfg = Debug|Any CPU
		{45F75552-7C1B-A03B-D43B-1129F270063E}.Debug|x86.Build.0 = Debug|Any CPU
		{45F75552-7C1B-A03B-D43B-1129F270063E}.Release|Any CPU.ActiveCfg = Release|Any CPU
		{45F75552-7C1B-A03B-D43B-1129F270063E}.Release|Any CPU.Build.0 = Release|Any CPU
		{45F75552-7C1B-A03B-D43B-1129F270063E}.Release|x64.ActiveCfg = Release|Any CPU
		{45F75552-7C1B-A03B-D43B-1129F270063E}.Release|x64.Build.0 = Release|Any CPU
		{45F75552-7C1B-A03B-D43B-1129F270063E}.Release|x86.ActiveCfg = Release|Any CPU
		{45F75552-7C1B-A03B-D43B-1129F270063E}.Release|x86.Build.0 = Release|Any CPU
		{B1F72258-3CCF-4430-9FB5-06C28BD58825}.Debug|Any CPU.ActiveCfg = Debug|Any CPU
		{B1F72258-3CCF-4430-9FB5-06C28BD58825}.Debug|Any CPU.Build.0 = Debug|Any CPU
		{B1F72258-3CCF-4430-9FB5-06C28BD58825}.Debug|x64.ActiveCfg = Debug|Any CPU
		{B1F72258-3CCF-4430-9FB5-06C28BD58825}.Debug|x64.Build.0 = Debug|Any CPU
		{B1F72258-3CCF-4430-9FB5-06C28BD58825}.Debug|x86.ActiveCfg = Debug|Any CPU
		{B1F72258-3CCF-4430-9FB5-06C28BD58825}.Debug|x86.Build.0 = Debug|Any CPU
		{B1F72258-3CCF-4430-9FB5-06C28BD58825}.Release|Any CPU.ActiveCfg = Release|Any CPU
		{B1F72258-3CCF-4430-9FB5-06C28BD58825}.Release|Any CPU.Build.0 = Release|Any CPU
		{B1F72258-3CCF-4430-9FB5-06C28BD58825}.Release|x64.ActiveCfg = Release|Any CPU
		{B1F72258-3CCF-4430-9FB5-06C28BD58825}.Release|x64.Build.0 = Release|Any CPU
		{B1F72258-3CCF-4430-9FB5-06C28BD58825}.Release|x86.ActiveCfg = Release|Any CPU
		{B1F72258-3CCF-4430-9FB5-06C28BD58825}.Release|x86.Build.0 = Release|Any CPU
	EndGlobalSection
	GlobalSection(SolutionProperties) = preSolution
		HideSolutionNode = FALSE
	EndGlobalSection
	GlobalSection(ExtensibilityGlobals) = postSolution
		SolutionGuid = {1F00F694-DAC8-4833-9652-273B5930BA9D}
	EndGlobalSection
EndGlobal
